Microsoft Visual Studio Solution File, Format Version 12.00
# Visual Studio Version 17
VisualStudioVersion = 17.5.2.0
MinimumVisualStudioVersion = 10.0.40219.1
Project("{FAE04EC0-301F-11D3-BF4B-00C04F79EFBC}") = "GamepadHaptics", "GamepadHaptics\GamepadHaptics.csproj", "{971E1BC5-39DE-D42A-B31B-8B227D5AC7F8}"
EndProject
Global
	GlobalSection(SolutionConfigurationPlatforms) = preSolution
		Debug|Any CPU = Debug|Any CPU
		Release|Any CPU = Release|Any CPU
	EndGlobalSection
	GlobalSection(ProjectConfigurationPlatforms) = postSolution
		{971E1BC5-39DE-D42A-B31B-8B227D5AC7F8}.Debug|Any CPU.ActiveCfg = Debug|Any CPU
		{971E1BC5-39DE-D42A-B31B-8B227D5AC7F8}.Debug|Any CPU.Build.0 = Debug|Any CPU
		{971E1BC5-39DE-D42A-B31B-8B227D5AC7F8}.Release|Any CPU.ActiveCfg = Release|Any CPU
		{971E1BC5-39DE-D42A-B31B-8B227D5AC7F8}.Release|Any CPU.Build.0 = Release|Any CPU
	EndGlobalSection
	GlobalSection(SolutionProperties) = preSolution
		HideSolutionNode = FALSE
	EndGlobalSection
	GlobalSection(ExtensibilityGlobals) = postSolution
		SolutionGuid = {04D0E94A-ECA0-43CA-BC51-4FED385FFB13}
	EndGlobalSection
EndGlobal
